
Microsoft Visual Studio Solution File, Format Version 12.00
# Visual Studio Version 16
VisualStudioVersion = 16.0.30907.101
MinimumVisualStudioVersion = 10.0.40219.1
Project("{FAE04EC0-301F-11D3-BF4B-00C04F79EFBC}") = "Betaalsysteem", "Betaalsysteem\Betaalsysteem.csproj", "{BDE044D7-2281-4C25-A1C0-D7475AE8B0D9}"
EndProject
Global
	GlobalSection(SolutionConfigurationPlatforms) = preSolution
		Debug|Any CPU = Debug|Any CPU
		Release|Any CPU = Release|Any CPU
	EndGlobalSection
	GlobalSection(ProjectConfigurationPlatforms) = postSolution
		{BDE044D7-2281-4C25-A1C0-D7475AE8B0D9}.Debug|Any CPU.ActiveCfg = Debug|Any CPU
		{BDE044D7-2281-4C25-A1C0-D7475AE8B0D9}.Debug|Any CPU.Build.0 = Debug|Any CPU
		{BDE044D7-2281-4C25-A1C0-D7475AE8B0D9}.Release|Any CPU.ActiveCfg = Release|Any CPU
		{BDE044D7-2281-4C25-A1C0-D7475AE8B0D9}.Release|Any CPU.Build.0 = Release|Any CPU
	EndGlobalSection
	GlobalSection(SolutionProperties) = preSolution
		HideSolutionNode = FALSE
	EndGlobalSection
	GlobalSection(ExtensibilityGlobals) = postSolution
		SolutionGuid = {29ED3200-4741-4E9E-86BD-47753448F849}
	EndGlobalSection
EndGlobal
